
Microsoft Visual Studio Solution File, Format Version 12.00
# Visual Studio 2012
Project("{FAE04EC0-301F-11D3-BF4B-00C04F79EFBC}") = "NewsFeedService", "NewsFeedService\NewsFeedService.csproj", "{7C4BAB77-BB83-41F7-A8C2-087B0BB98483}"
EndProject
Global
	GlobalSection(SolutionConfigurationPlatforms) = preSolution
		Debug|Any CPU = Debug|Any CPU
		Release|Any CPU = Release|Any CPU
	EndGlobalSection
	GlobalSection(ProjectConfigurationPlatforms) = postSolution
		{7C4BAB77-BB83-41F7-A8C2-087B0BB98483}.Debug|Any CPU.ActiveCfg = Debug|Any CPU
		{7C4BAB77-BB83-41F7-A8C2-087B0BB98483}.Debug|Any CPU.Build.0 = Debug|Any CPU
		{7C4BAB77-BB83-41F7-A8C2-087B0BB98483}.Release|Any CPU.ActiveCfg = Release|Any CPU
		{7C4BAB77-BB83-41F7-A8C2-087B0BB98483}.Release|Any CPU.Build.0 = Release|Any CPU
	EndGlobalSection
	GlobalSection(SolutionProperties) = preSolution
		HideSolutionNode = FALSE
	EndGlobalSection
EndGlobal
